{
  "version": 4,
  "terraform_version": "1.2.8",
  "serial": 72,
  "lineage": "b33ba722-a46d-a869-5e7f-f45614c8b282",
  "outputs": {},
  "resources": [
    {
      "mode": "managed",
      "type": "hcloud_firewall",
      "name": "saferfw",
      "provider": "provider[\"registry.terraform.io/hetznercloud/hcloud\"]",
      "instances": [
        {
          "schema_version": 0,
          "attributes": {
            "apply_to": [],
            "id": "521731",
            "labels": {},
            "name": "saferfw",
            "rule": [
              {
                "description": "",
                "destination_ips": [],
                "direction": "in",
                "port": "22",
                "protocol": "tcp",
                "source_ips": [
                  "0.0.0.0/0",
                  "::/0"
                ]
              }
            ]
          },
          "sensitive_attributes": [],
          "private": "bnVsbA=="
        }
      ]
    },
    {
      "mode": "managed",
      "type": "hcloud_server",
      "name": "forensics",
      "provider": "provider[\"registry.terraform.io/hetznercloud/hcloud\"]",
      "instances": [
        {
          "schema_version": 0,
          "attributes": {
            "allow_deprecated_images": false,
            "backup_window": "",
            "backups": false,
            "datacenter": "hel1-dc2",
            "delete_protection": false,
            "firewall_ids": [
              521731
            ],
            "id": "23811547",
            "ignore_remote_firewall_ids": false,
            "image": "ubuntu-22.04",
            "ipv4_address": "65.21.51.238",
            "ipv6_address": "2a01:4f9:c012:5fff::1",
            "ipv6_network": "2a01:4f9:c012:5fff::/64",
            "iso": null,
            "keep_disk": false,
            "labels": null,
            "location": "hel1",
            "name": "forensics",
            "network": [],
            "placement_group_id": null,
            "public_net": [],
            "rebuild_protection": false,
            "rescue": null,
            "server_type": "cx11",
            "ssh_keys": [
              "7940409"
            ],
            "status": "running",
            "timeouts": null,
            "user_data": "IeoJnd8v5FcOaWT0r9YNUxuq37w="
          },
          "sensitive_attributes": [],
          "private": "eyJlMmJmYjczMC1lY2FhLTExZTYtOGY4OC0zNDM2M2JjN2M0YzAiOnsiY3JlYXRlIjo1NDAwMDAwMDAwMDAwfX0=",
          "dependencies": [
            "hcloud_firewall.saferfw",
            "hcloud_ssh_key.default"
          ]
        }
      ]
    },
    {
      "mode": "managed",
      "type": "hcloud_ssh_key",
      "name": "default",
      "provider": "provider[\"registry.terraform.io/hetznercloud/hcloud\"]",
      "instances": [
        {
          "schema_version": 0,
          "attributes": {
            "fingerprint": "75:35:e5:12:6b:8b:59:0e:07:e3:ae:12:60:f9:5b:ca",
            "id": "7940409",
            "labels": null,
            "name": "mykey",
            "public_key": "ssh-rsa AAAAB3NzaC1yc2EAAAADAQABAAACAQC06Yao5sVyVRppXJzFj+8HjRlILMSbWDE70koHcWDfFxsXk0q5PxQ2QwfCeIndUPquKsScEl+oHy1xXpuU8D5D98H1GCpch2oa8VZjsqHFoGvGh2Jxk+FAQwGvZkJn/il9ycgEKoLIXl5YVdGB8CjW/R0i97iQSDAJvevyROF5fhMVVD0ZJif/zHNn4LqbjZjWzndOgshKrdSpfiZMF0zpfaXTmDMFKUznXu52SkYN/f5mvU/eYFMpb8Xqc+XdPULwCoNjuziCqDk2f2V32q4wNNnS+qrOfkzBLXk9Rniitc21Lu/bGPy0OlKpPZE7JE/FUoGiz597GQZ5HuhyKPAMSb0eGgi+m7Mg7TgwMBusdVDW4TJmHxPRNdtoTMkIrzO2T/SWe9ovCBxL6BAY6DCGbKeWO+ovxm/maco2cAXBt19gQR44m30IbgVJ+g8VfnK7IG6I0RpyzK3huKgB8JV5qBUYvWY4fWbV3lAwLRs3CEk27i1Es91TmZu9L0Se2t4aeCI7WEu5UAnWevciCrSalCRVa+u3hGGpTwI8iVkizEDx1Oqnhyba9PBkAb6pxBkyGIPeTmMqGTL8cfeLCu26z5QyvXIjgmoSCBo3E6AgHfRqsSV64SyqWcUM9AVWIsbvYn7UUEomxk5VI8havSoUkcA+QKOsoPuegpYaYzkr9Q== patty@DESKTOP-J0BFAJN\n"
          },
          "sensitive_attributes": [],
          "private": "bnVsbA=="
        }
      ]
    },
    {
      "mode": "managed",
      "type": "hcloud_volume",
      "name": "storage",
      "provider": "provider[\"registry.terraform.io/hetznercloud/hcloud\"]",
      "instances": [
        {
          "schema_version": 0,
          "attributes": {
            "automount": true,
            "delete_protection": false,
            "format": "ext4",
            "id": "22838155",
            "labels": null,
            "linux_device": "/dev/disk/by-id/scsi-0HC_Volume_22838155",
            "location": "hel1",
            "name": "my-volume",
            "server_id": 23811547,
            "size": 20
          },
          "sensitive_attributes": [],
          "private": "bnVsbA==",
          "dependencies": [
            "hcloud_firewall.saferfw",
            "hcloud_server.forensics",
            "hcloud_ssh_key.default"
          ]
        }
      ]
    }
  ]
}
